
Microsoft Visual Studio Solution File, Format Version 12.00
Project("{FAE04EC0-301F-11D3-BF4B-00C04F79EFBC}") = "DungeonBuilder2", "DungeonBuilder2\DungeonBuilder2.csproj", "{445AE9BD-D358-4A28-B36F-7FCA5A1E89EE}"
EndProject
Global
	GlobalSection(SolutionConfigurationPlatforms) = preSolution
		Debug|Any CPU = Debug|Any CPU
		Release|Any CPU = Release|Any CPU
	EndGlobalSection
	GlobalSection(ProjectConfigurationPlatforms) = postSolution
		{445AE9BD-D358-4A28-B36F-7FCA5A1E89EE}.Debug|Any CPU.ActiveCfg = Debug|Any CPU
		{445AE9BD-D358-4A28-B36F-7FCA5A1E89EE}.Debug|Any CPU.Build.0 = Debug|Any CPU
		{445AE9BD-D358-4A28-B36F-7FCA5A1E89EE}.Release|Any CPU.ActiveCfg = Release|Any CPU
		{445AE9BD-D358-4A28-B36F-7FCA5A1E89EE}.Release|Any CPU.Build.0 = Release|Any CPU
	EndGlobalSection
EndGlobal
